
Microsoft Visual Studio Solution File, Format Version 12.00
# Visual Studio Version 16
VisualStudioVersion = 16.0.30907.101
MinimumVisualStudioVersion = 10.0.40219.1
Project("{FAE04EC0-301F-11D3-BF4B-00C04F79EFBC}") = "Introduction_To_Csharp_", "Introduction_To_Csharp_\Introduction_To_Csharp_.csproj", "{10006576-52E2-4E2F-A67F-AD2F02B61466}"
EndProject
Global
	GlobalSection(SolutionConfigurationPlatforms) = preSolution
		Debug|Any CPU = Debug|Any CPU
		Release|Any CPU = Release|Any CPU
	EndGlobalSection
	GlobalSection(ProjectConfigurationPlatforms) = postSolution
		{10006576-52E2-4E2F-A67F-AD2F02B61466}.Debug|Any CPU.ActiveCfg = Debug|Any CPU
		{10006576-52E2-4E2F-A67F-AD2F02B61466}.Debug|Any CPU.Build.0 = Debug|Any CPU
		{10006576-52E2-4E2F-A67F-AD2F02B61466}.Release|Any CPU.ActiveCfg = Release|Any CPU
		{10006576-52E2-4E2F-A67F-AD2F02B61466}.Release|Any CPU.Build.0 = Release|Any CPU
	EndGlobalSection
	GlobalSection(SolutionProperties) = preSolution
		HideSolutionNode = FALSE
	EndGlobalSection
	GlobalSection(ExtensibilityGlobals) = postSolution
		SolutionGuid = {3BA3249A-6C07-4956-9898-4F173EAB9D1B}
	EndGlobalSection
EndGlobal
